
Microsoft Visual Studio Solution File, Format Version 12.00
# Visual Studio Version 17
VisualStudioVersion = 17.0.31903.59
MinimumVisualStudioVersion = 10.0.40219.1
Project("{FAE04EC0-301F-11D3-BF4B-00C04F79EFBC}") = "gacor-api", "api\gacor-api.csproj", "{917F881A-ACA2-4103-AF2A-D4877CA03797}"
EndProject
Project("{FAE04EC0-301F-11D3-BF4B-00C04F79EFBC}") = "GacorApi.Tests", "tests\GacorApi.Tests.csproj", "{12F267E5-E859-44D5-8307-3B9BC8A5C2C7}"
EndProject
Global
	GlobalSection(SolutionConfigurationPlatforms) = preSolution
		Debug|Any CPU = Debug|Any CPU
		Release|Any CPU = Release|Any CPU
	EndGlobalSection
	GlobalSection(SolutionProperties) = preSolution
		HideSolutionNode = FALSE
	EndGlobalSection
	GlobalSection(ProjectConfigurationPlatforms) = postSolution
		{917F881A-ACA2-4103-AF2A-D4877CA03797}.Debug|Any CPU.ActiveCfg = Debug|Any CPU
		{917F881A-ACA2-4103-AF2A-D4877CA03797}.Debug|Any CPU.Build.0 = Debug|Any CPU
		{917F881A-ACA2-4103-AF2A-D4877CA03797}.Release|Any CPU.ActiveCfg = Release|Any CPU
		{917F881A-ACA2-4103-AF2A-D4877CA03797}.Release|Any CPU.Build.0 = Release|Any CPU
		{12F267E5-E859-44D5-8307-3B9BC8A5C2C7}.Debug|Any CPU.ActiveCfg = Debug|Any CPU
		{12F267E5-E859-44D5-8307-3B9BC8A5C2C7}.Debug|Any CPU.Build.0 = Debug|Any CPU
		{12F267E5-E859-44D5-8307-3B9BC8A5C2C7}.Release|Any CPU.ActiveCfg = Release|Any CPU
		{12F267E5-E859-44D5-8307-3B9BC8A5C2C7}.Release|Any CPU.Build.0 = Release|Any CPU
	EndGlobalSection
EndGlobal
